
Microsoft Visual Studio Solution File, Format Version 12.00
# Visual Studio Version 16
VisualStudioVersion = 16.0.30907.101
MinimumVisualStudioVersion = 10.0.40219.1
Project("{9A19103F-16F7-4668-BE54-9A1E7A4F7556}") = "MMALSharp", "src\MMALSharp\MMALSharp.csproj", "{47AF9428-8246-4267-BC76-5FC648848E40}"
EndProject
Project("{9A19103F-16F7-4668-BE54-9A1E7A4F7556}") = "MMALSharp.FFmpeg", "src\MMALSharp.FFmpeg\MMALSharp.FFmpeg.csproj", "{0600C674-E587-4267-89F3-B52AE9591F80}"
EndProject
Project("{9A19103F-16F7-4668-BE54-9A1E7A4F7556}") = "MMALSharp.Common", "src\MMALSharp.Common\MMALSharp.Common.csproj", "{65A1440E-72E1-4943-B469-5CFBA8CB5633}"
EndProject
Project("{9A19103F-16F7-4668-BE54-9A1E7A4F7556}") = "MMALSharp.Processing", "src\MMALSharp.Processing\MMALSharp.Processing.csproj", "{DABC9991-56AD-4235-BA86-63DEF12C261A}"
EndProject
Project("{2150E333-8FDC-42A3-9474-1A3956D46DE8}") = "src", "src", "{46D98B04-9F36-4CA0-AE5F-0FE76727DB71}"
EndProject
Project("{2150E333-8FDC-42A3-9474-1A3956D46DE8}") = "tests", "tests", "{B332E50B-EDCA-477C-BAE7-2E30DBCC9AA7}"
EndProject
Project("{9A19103F-16F7-4668-BE54-9A1E7A4F7556}") = "MMALSharp.Tests", "tests\MMALSharp.Tests\MMALSharp.Tests.csproj", "{8292FB10-A8DF-4B00-A6F1-F314918770B2}"
	ProjectSection(ProjectDependencies) = postProject
		{47AF9428-8246-4267-BC76-5FC648848E40} = {47AF9428-8246-4267-BC76-5FC648848E40}
		{65A1440E-72E1-4943-B469-5CFBA8CB5633} = {65A1440E-72E1-4943-B469-5CFBA8CB5633}
	EndProjectSection
EndProject
Project("{9A19103F-16F7-4668-BE54-9A1E7A4F7556}") = "MMALSharp.Demo", "src\MMALSharp.Demo\MMALSharp.Demo.csproj", "{E85C6E08-9410-4A32-BC31-B57E407A77CD}"
EndProject
Project("{FAE04EC0-301F-11D3-BF4B-00C04F79EFBC}") = "Playground", "Playground\Playground.csproj", "{9DD1CA82-CA68-448E-AAFE-EC20E3E2FD14}"
EndProject
Global
	GlobalSection(SolutionConfigurationPlatforms) = preSolution
		Debug|Any CPU = Debug|Any CPU
		Release|Any CPU = Release|Any CPU
	EndGlobalSection
	GlobalSection(ProjectConfigurationPlatforms) = postSolution
		{47AF9428-8246-4267-BC76-5FC648848E40}.Debug|Any CPU.ActiveCfg = Debug|Any CPU
		{47AF9428-8246-4267-BC76-5FC648848E40}.Debug|Any CPU.Build.0 = Debug|Any CPU
		{47AF9428-8246-4267-BC76-5FC648848E40}.Release|Any CPU.ActiveCfg = Release|Any CPU
		{47AF9428-8246-4267-BC76-5FC648848E40}.Release|Any CPU.Build.0 = Release|Any CPU
		{0600C674-E587-4267-89F3-B52AE9591F80}.Debug|Any CPU.ActiveCfg = Debug|Any CPU
		{0600C674-E587-4267-89F3-B52AE9591F80}.Debug|Any CPU.Build.0 = Debug|Any CPU
		{0600C674-E587-4267-89F3-B52AE9591F80}.Release|Any CPU.ActiveCfg = Release|Any CPU
		{0600C674-E587-4267-89F3-B52AE9591F80}.Release|Any CPU.Build.0 = Release|Any CPU
		{65A1440E-72E1-4943-B469-5CFBA8CB5633}.Debug|Any CPU.ActiveCfg = Debug|Any CPU
		{65A1440E-72E1-4943-B469-5CFBA8CB5633}.Debug|Any CPU.Build.0 = Debug|Any CPU
		{65A1440E-72E1-4943-B469-5CFBA8CB5633}.Release|Any CPU.ActiveCfg = Release|Any CPU
		{65A1440E-72E1-4943-B469-5CFBA8CB5633}.Release|Any CPU.Build.0 = Release|Any CPU
		{DABC9991-56AD-4235-BA86-63DEF12C261A}.Debug|Any CPU.ActiveCfg = Debug|Any CPU
		{DABC9991-56AD-4235-BA86-63DEF12C261A}.Debug|Any CPU.Build.0 = Debug|Any CPU
		{DABC9991-56AD-4235-BA86-63DEF12C261A}.Release|Any CPU.ActiveCfg = Release|Any CPU
		{DABC9991-56AD-4235-BA86-63DEF12C261A}.Release|Any CPU.Build.0 = Release|Any CPU
		{8292FB10-A8DF-4B00-A6F1-F314918770B2}.Debug|Any CPU.ActiveCfg = Debug|Any CPU
		{8292FB10-A8DF-4B00-A6F1-F314918770B2}.Debug|Any CPU.Build.0 = Debug|Any CPU
		{8292FB10-A8DF-4B00-A6F1-F314918770B2}.Release|Any CPU.ActiveCfg = Release|Any CPU
		{8292FB10-A8DF-4B00-A6F1-F314918770B2}.Release|Any CPU.Build.0 = Release|Any CPU
		{E85C6E08-9410-4A32-BC31-B57E407A77CD}.Debug|Any CPU.ActiveCfg = Debug|Any CPU
		{E85C6E08-9410-4A32-BC31-B57E407A77CD}.Release|Any CPU.ActiveCfg = Release|Any CPU
		{E85C6E08-9410-4A32-BC31-B57E407A77CD}.Release|Any CPU.Build.0 = Release|Any CPU
		{9DD1CA82-CA68-448E-AAFE-EC20E3E2FD14}.Debug|Any CPU.ActiveCfg = Debug|Any CPU
		{9DD1CA82-CA68-448E-AAFE-EC20E3E2FD14}.Debug|Any CPU.Build.0 = Debug|Any CPU
		{9DD1CA82-CA68-448E-AAFE-EC20E3E2FD14}.Release|Any CPU.ActiveCfg = Release|Any CPU
		{9DD1CA82-CA68-448E-AAFE-EC20E3E2FD14}.Release|Any CPU.Build.0 = Release|Any CPU
	EndGlobalSection
	GlobalSection(SolutionProperties) = preSolution
		HideSolutionNode = FALSE
	EndGlobalSection
	GlobalSection(NestedProjects) = preSolution
		{47AF9428-8246-4267-BC76-5FC648848E40} = {46D98B04-9F36-4CA0-AE5F-0FE76727DB71}
		{0600C674-E587-4267-89F3-B52AE9591F80} = {46D98B04-9F36-4CA0-AE5F-0FE76727DB71}
		{65A1440E-72E1-4943-B469-5CFBA8CB5633} = {46D98B04-9F36-4CA0-AE5F-0FE76727DB71}
		{DABC9991-56AD-4235-BA86-63DEF12C261A} = {46D98B04-9F36-4CA0-AE5F-0FE76727DB71}
		{8292FB10-A8DF-4B00-A6F1-F314918770B2} = {B332E50B-EDCA-477C-BAE7-2E30DBCC9AA7}
		{E85C6E08-9410-4A32-BC31-B57E407A77CD} = {46D98B04-9F36-4CA0-AE5F-0FE76727DB71}
		{9DD1CA82-CA68-448E-AAFE-EC20E3E2FD14} = {46D98B04-9F36-4CA0-AE5F-0FE76727DB71}
	EndGlobalSection
	GlobalSection(ExtensibilityGlobals) = postSolution
		SolutionGuid = {6F8B5969-ECC2-42A4-BA63-237CB1CDF270}
	EndGlobalSection
EndGlobal
